# THIS IS AN AUTOGENERATED FILE. DO NOT EDIT THIS FILE DIRECTLY.
# yarn lockfile v1


"@financial-times/polyfill-useragent-normaliser@^1.7.0":
  version "1.8.1"
  resolved "https://registry.yarnpkg.com/@financial-times/polyfill-useragent-normaliser/-/polyfill-useragent-normaliser-1.8.1.tgz#00e35f49189276d07b76b38b983ccb9941159d73"
  integrity sha512-VJFUMJyr1DZ++wiVFgk0GThJG8LUR94p/a73lc4d0a2YL6sfWSQAMF+1qg9gtCOzZWc+nx62E5IJExrUCetjEw==
  dependencies:
    "@financial-times/useragent_parser" "^1.5.1"
    semver "^7.1.1"

"@financial-times/useragent_parser@^1.5.1":
  version "1.6.0"
  resolved "https://registry.yarnpkg.com/@financial-times/useragent_parser/-/useragent_parser-1.6.0.tgz#fcbba56936735fb4a8e6b700baf787c863ed64d1"
  integrity sha512-v6Ucl//xSVhpyTtHMVCA9uv9W7CVwj8vBAQFKFDkfGC1DquBobOMhnzH9Odc+Tunf+i4WRnNgt90fQ7CSAbU3g==

"@formatjs/ecma402-abstract@1.5.3":
  version "1.5.3"
  resolved "https://registry.yarnpkg.com/@formatjs/ecma402-abstract/-/ecma402-abstract-1.5.3.tgz#76ec8d3d984a8c0519e476d0f6dee2f4c10be02f"
  integrity sha512-PI+C4JhJV1WFINrTbX0jHlWPOQOAsg4jmGWp23cbIb+q7+nALBlpElcik4XhsIjbJstmUGR8r83j8vvgNjO90g==
  dependencies:
    tslib "^2.0.1"

"@formatjs/ecma402-abstract@1.5.4":
  version "1.5.4"
  resolved "https://registry.yarnpkg.com/@formatjs/ecma402-abstract/-/ecma402-abstract-1.5.4.tgz#ed7e17fdf6f6c6c163ba95fb7a752404dea9324b"
  integrity sha512-PyzVaiXHCp1WtXnR30P06BYqWHHY5YIkbwxfB2WE1yNa7XXvozmh6mSc099HgSoTY5ZmOAqwh78G2qOg0j5aPw==
  dependencies:
    tslib "^2.0.1"

"@formatjs/intl-datetimeformat@3.2.9":
  version "3.2.9"
  resolved "https://registry.yarnpkg.com/@formatjs/intl-datetimeformat/-/intl-datetimeformat-3.2.9.tgz#4b88c1e5be857df417f5877c882f15d33c938bbf"
  integrity sha512-pwmnHHJNu96XmG9Zj1bhg6f/zYW8oJxOgKwtaTl9znl+RAH5Ud6Y9IuxPbNwDBQEfcs4+X7fopbF+if0bAOc7w==
  dependencies:
    "@formatjs/ecma402-abstract" "1.5.4"
    tslib "^2.0.1"

"@formatjs/intl-displaynames@4.0.7":
  version "4.0.7"
  resolved "https://registry.yarnpkg.com/@formatjs/intl-displaynames/-/intl-displaynames-4.0.7.tgz#10e18e32495ee6d9526ba79373bcc5fbb7fbba10"
  integrity sha512-auQ8/akjhzeLPk4riG7JHulGXSoVNA5xk0IU+BzEymzFCBJyWvNoroIDCxX6RgRPumMmmIEgcc3w7BmKBo2Obw==
  dependencies:
    "@formatjs/ecma402-abstract" "1.5.4"
    tslib "^2.0.1"

"@formatjs/intl-getcanonicallocales@1.5.3":
  version "1.5.3"
  resolved "https://registry.yarnpkg.com/@formatjs/intl-getcanonicallocales/-/intl-getcanonicallocales-1.5.3.tgz#b5978462340da1502502c3fde1c4abccff8f3b8e"
  integrity sha512-QVBnSPZ32Y80wkXbf36hP9VbyklbOb8edppxFcgO9Lbd47zagllw65Y81QOHEn/j11JcTn2OhW0vea95LHvQmA==
  dependencies:
    cldr-core "38"
    tslib "^2.0.1"

"@formatjs/intl-listformat@5.0.6":
  version "5.0.6"
  resolved "https://registry.yarnpkg.com/@formatjs/intl-listformat/-/intl-listformat-5.0.6.tgz#ec9a97bf535354e7a227542d547583b3915b208c"
  integrity sha512-9QM4elGPrSSMOsf4bKaDUYpFTgXtxNeTdtaxc4QBTreD68X3YMH7N/tve1MxxhbTMB2qsK08mYtSHp5r+y4pTw==
  dependencies:
    "@formatjs/ecma402-abstract" "1.5.3"
    tslib "^2.0.1"

"@formatjs/intl-locale@2.4.16":
  version "2.4.16"
  resolved "https://registry.yarnpkg.com/@formatjs/intl-locale/-/intl-locale-2.4.16.tgz#091442523cdd26ffbc241a68778560eb59dfd119"
  integrity sha512-alOsuHSEritrWYnnA8ihiUZwNqLfCuFgDmDzJbVUOrcCKlUwrLj4uQMAN0RbIsfI5XiVZEqNshdj2sQNNtNL0A==
  dependencies:
    "@formatjs/ecma402-abstract" "1.5.4"
    "@formatjs/intl-getcanonicallocales" "1.5.3"
    cldr-core "38"
    tslib "^2.0.1"

"@formatjs/intl-numberformat@6.1.5":
  version "6.1.5"
  resolved "https://registry.yarnpkg.com/@formatjs/intl-numberformat/-/intl-numberformat-6.1.5.tgz#7753eb535ee1c4cd7497635cded7cc30fedceb00"
  integrity sha512-T7qjALvZZDzTdszlFhsC9DyivUxA8yEOiwtsF8Q8/GWoYg+pEnLxSxyPd7x3EZG1eiStSkndqisEFdwBmIhblw==
  dependencies:
    "@formatjs/ecma402-abstract" "1.5.3"
    tslib "^2.0.1"

"@formatjs/intl-pluralrules@4.0.7":
  version "4.0.7"
  resolved "https://registry.yarnpkg.com/@formatjs/intl-pluralrules/-/intl-pluralrules-4.0.7.tgz#578c3942d8d0c3fd891a32a762295482e4d87637"
  integrity sha512-g/BSzr8bgMv3UywE2in3zcSeAzR2aSvHhNCfFYfTqi/6q91q0LSgRFnykY26Dzs2Ag2jFp27AvOSHyoZ7DQMRw==
  dependencies:
    "@formatjs/ecma402-abstract" "1.5.3"
    tslib "^2.0.1"

"@formatjs/intl-relativetimeformat@8.0.5":
  version "8.0.5"
  resolved "https://registry.yarnpkg.com/@formatjs/intl-relativetimeformat/-/intl-relativetimeformat-8.0.5.tgz#45bebfc0055e8bb0fe2bf292be48e5336ff916b9"
  integrity sha512-061+cSR0/utsAf3fdcr787ck7KAgrtbeq06ENdR4A7x6aYq1CqchoJ8e7WOtqz0oSrj6Zmoaca1b/pDr+hM8/w==
  dependencies:
    "@formatjs/ecma402-abstract" "1.5.3"
    tslib "^2.0.1"

"@juggle/resize-observer@^3.2.0":
  version "3.3.1"
  resolved "https://registry.yarnpkg.com/@juggle/resize-observer/-/resize-observer-3.3.1.tgz#b50a781709c81e10701004214340f25475a171a0"
  integrity sha512-zMM9Ds+SawiUkakS7y94Ymqx+S0ORzpG3frZirN3l+UlXUmSUR7hF4wxCVqW+ei94JzV5kt0uXBcoOEAuiydrw==

"@webcomponents/template@^1.4.0":
  version "1.4.4"
  resolved "https://registry.yarnpkg.com/@webcomponents/template/-/template-1.4.4.tgz#2ca5a68b65b6e9cd9b17b25a951514f254c00742"
  integrity sha512-QqCmmywIKJTilkl6UIPLxEBBuqhDaOBpvQyKOnUEwl9lJuVHBrVlhMIhhnp9VSZJ6xEUnp+PiX8DST1k0q/v4Q==

Base64@^1.0.0:
  version "1.1.0"
  resolved "https://registry.yarnpkg.com/Base64/-/Base64-1.1.0.tgz#810ef21afa8357df92ad7b5389188c446b9cb956"
  integrity sha512-qeacf8dvGpf+XAT27ESHMh7z84uRzj/ua2pQdJg483m3bEXv/kVFtDnMgvf70BQGqzbZhR9t6BmASzKvqfJf3Q==

abort-controller@^3.0.0:
  version "3.0.0"
  resolved "https://registry.yarnpkg.com/abort-controller/-/abort-controller-3.0.0.tgz#eaf54d53b62bae4138e809ca225c8439a6efb392"
  integrity sha512-h8lQ8tacZYnR3vNQTgibj+tODHI5/+l06Au2Pcriv/Gmet0eaj4TwWH41sO9wnHDiQsEj19q0drzdWdeAHtweg==
  dependencies:
    event-target-shim "^5.0.0"

align-text@^0.1.1, align-text@^0.1.3:
  version "0.1.4"
  resolved "https://registry.yarnpkg.com/align-text/-/align-text-0.1.4.tgz#0cd90a561093f35d0a99256c22b7069433fad117"
  integrity sha1-DNkKVhCT810KmSVsIrcGlDP60Rc=
  dependencies:
    kind-of "^3.0.2"
    longest "^1.0.1"
    repeat-string "^1.5.2"

audio-context-polyfill@^1.0.0:
  version "1.0.0"
  resolved "https://registry.yarnpkg.com/audio-context-polyfill/-/audio-context-polyfill-1.0.0.tgz#4b728faf0a19555194d4fbd05582f833fdcd137b"
  integrity sha1-S3KPrwoZVVGU1PvQVYL4M/3NE3s=

balanced-match@^1.0.0:
  version "1.0.2"
  resolved "https://registry.yarnpkg.com/balanced-match/-/balanced-match-1.0.2.tgz#e83e3a7e3f300b34cb9d87f615fa0cbf357690ee"
  integrity sha512-3oSeUO0TMV67hN1AmbXsK4yaqU7tjiHlbxRDZOpH0KW9+CeX4bRAaX0Anxt0tx2MrpRpWwQaPwIlISEJhYU5Pw==

brace-expansion@^1.1.7:
  version "1.1.11"
  resolved "https://registry.yarnpkg.com/brace-expansion/-/brace-expansion-1.1.11.tgz#3c7fcbf529d87226f3d2f52b966ff5271eb441dd"
  integrity sha512-iCuPHDFgrHX7H2vEI/5xpz07zSHB00TpugqhmYtVmMO6518mCuRMoOYFldEBl0g187ufozdaHgWKcYFb61qGiA==
  dependencies:
    balanced-match "^1.0.0"
    concat-map "0.0.1"

camelcase@^1.0.2:
  version "1.2.1"
  resolved "https://registry.yarnpkg.com/camelcase/-/camelcase-1.2.1.tgz#9bb5304d2e0b56698b2c758b08a3eaa9daa58a39"
  integrity sha1-m7UwTS4LVmmLLHWLCKPqqdqlijk=

center-align@^0.1.1:
  version "0.1.3"
  resolved "https://registry.yarnpkg.com/center-align/-/center-align-0.1.3.tgz#aa0d32629b6ee972200411cbd4461c907bc2b7ad"
  integrity sha1-qg0yYptu6XIgBBHL1EYckHvCt60=
  dependencies:
    align-text "^0.1.3"
    lazy-cache "^1.0.3"

cldr-core@38:
  version "38.1.0"
  resolved "https://registry.yarnpkg.com/cldr-core/-/cldr-core-38.1.0.tgz#3c400436b89110e2c0584469d51b7479ef0fa70c"
  integrity sha512-Da9xKjDp4qGGIX0VDsBqTan09iR5nuYD2a/KkfEaUyqKhu6wFVNRiCpPDXeRbpVwPBY6PgemV8WiHatMhcpy4A==

cliui@^2.1.0:
  version "2.1.0"
  resolved "https://registry.yarnpkg.com/cliui/-/cliui-2.1.0.tgz#4b475760ff80264c762c3a1719032e91c7fea0d1"
  integrity sha1-S0dXYP+AJkx2LDoXGQMukcf+oNE=
  dependencies:
    center-align "^0.1.1"
    right-align "^0.1.1"
    wordwrap "0.0.2"

concat-map@0.0.1:
  version "0.0.1"
  resolved "https://registry.yarnpkg.com/concat-map/-/concat-map-0.0.1.tgz#d8a96bd77fd68df7793a73036a3ba0d5405d477b"
  integrity sha1-2Klr13/Wjfd5OnMDajug1UBdR3s=

core-util-is@~1.0.0:
  version "1.0.2"
  resolved "https://registry.yarnpkg.com/core-util-is/-/core-util-is-1.0.2.tgz#b5fd54220aa2bc5ab57aab7140c940754503c1a7"
  integrity sha1-tf1UIgqivFq1eqtxQMlAdUUDwac=

current-script-polyfill@^1.0.0:
  version "1.0.0"
  resolved "https://registry.yarnpkg.com/current-script-polyfill/-/current-script-polyfill-1.0.0.tgz#f31cf7e4f3e218b0726e738ca92a02d3488ef615"
  integrity sha1-8xz35PPiGLBybnOMqSoC00iO9hU=

debug@4.1.1:
  version "4.1.1"
  resolved "https://registry.yarnpkg.com/debug/-/debug-4.1.1.tgz#3b72260255109c6b589cee050f1d516139664791"
  integrity sha512-pYAIzeRo8J6KPEaJ0VWOh5Pzkbw/RetuzehGM7QRRX5he4fPHx2rdKMB256ehJCkX+XRQm16eZLqLNS8RSZXZw==
  dependencies:
    ms "^2.1.1"

decamelize@^1.0.0:
  version "1.2.0"
  resolved "https://registry.yarnpkg.com/decamelize/-/decamelize-1.2.0.tgz#f6534d15148269b20352e7bee26f501f9a191290"
  integrity sha1-9lNNFRSCabIDUue+4m9QH5oZEpA=

deep-is@^0.1.3:
  version "0.1.3"
  resolved "https://registry.yarnpkg.com/deep-is/-/deep-is-0.1.3.tgz#b369d6fb5dbc13eecf524f91b070feedc357cf34"
  integrity sha1-s2nW+128E+7PUk+RsHD+7cNXzzQ=

diff@4.0.2:
  version "4.0.2"
  resolved "https://registry.yarnpkg.com/diff/-/diff-4.0.2.tgz#60f3aecb89d5fae520c11aa19efc2bb982aade7d"
  integrity sha512-58lmxKSA4BNyLz+HHMUzlOEpg09FV+ev6ZMe3vJihgdxzgcwZ8VoEEPmALCZG9LmqfVoNMMKpttIYTVG6uDY7A==

event-source-polyfill@^1.0.12:
  version "1.0.23"
  resolved "https://registry.yarnpkg.com/event-source-polyfill/-/event-source-polyfill-1.0.23.tgz#c143774f406fc9c2883681c3e90276643dc58d66"
  integrity sha512-S1F4Rlm7uQLLAvyQvekTuL8+9NvRyaNGkWgbwV5luAKnJWGosUZ4yaz+hWYabxi3HaGBlGdBo2sIqTMpaC3EBA==

event-target-shim@^5.0.0:
  version "5.0.1"
  resolved "https://registry.yarnpkg.com/event-target-shim/-/event-target-shim-5.0.1.tgz#5d4d3ebdf9583d63a5333ce2deb7480ab2b05789"
  integrity sha512-i/2XbnSz/uxRCU6+NdVJgKWDTM427+MqYbkQzD321DuCQJUqOuJKIA0IM2+W2xtYHdKOmZ4dR6fExsd4SXL+WQ==

fastestsmallesttextencoderdecoder@1.0.22:
  version "1.0.22"
  resolved "https://registry.yarnpkg.com/fastestsmallesttextencoderdecoder/-/fastestsmallesttextencoderdecoder-1.0.22.tgz#59b47e7b965f45258629cc6c127bf783281c5e93"
  integrity sha512-Pb8d48e+oIuY4MaM64Cd7OW1gt4nxCHs7/ddPPZ/Ic3sg8yVGM7O9wDvZ7us6ScaUupzM+pfBolwtYhN1IxBIw==

from2-string@^1.1.0:
  version "1.1.0"
  resolved "https://registry.yarnpkg.com/from2-string/-/from2-string-1.1.0.tgz#18282b27d08a267cb3030cd2b8b4b0f212af752a"
  integrity sha1-GCgrJ9CKJnyzAwzSuLSw8hKvdSo=
  dependencies:
    from2 "^2.0.3"

from2@^2.0.3:
  version "2.3.0"
  resolved "https://registry.yarnpkg.com/from2/-/from2-2.3.0.tgz#8bfb5502bde4a4d36cfdeea007fcca21d7e382af"
  integrity sha1-i/tVAr3kpNNs/e6gB/zKIdfjgq8=
  dependencies:
    inherits "^2.0.1"
    readable-stream "^2.0.0"

fs.realpath@^1.0.0:
  version "1.0.0"
  resolved "https://registry.yarnpkg.com/fs.realpath/-/fs.realpath-1.0.0.tgz#1504ad2523158caa40db4a2787cb01411994ea4f"
  integrity sha1-FQStJSMVjKpA20onh8sBQRmU6k8=

glob@^7.1.1, glob@^7.1.3:
  version "7.1.6"
  resolved "https://registry.yarnpkg.com/glob/-/glob-7.1.6.tgz#141f33b81a7c2492e125594307480c46679278a6"
  integrity sha512-LwaxwyZ72Lk7vZINtNNrywX0ZuLyStrdDtabefZKAY5ZGJhVtgdznluResxNmPitE0SAO+O26sWTHeKSI2wMBA==
  dependencies:
    fs.realpath "^1.0.0"
    inflight "^1.0.4"
    inherits "2"
    minimatch "^3.0.4"
    once "^1.3.0"
    path-is-absolute "^1.0.0"

graceful-fs@^4.1.10:
  version "4.2.6"
  resolved "https://registry.yarnpkg.com/graceful-fs/-/graceful-fs-4.2.6.tgz#ff040b2b0853b23c3d31027523706f1885d76bee"
  integrity sha512-nTnJ528pbqxYanhpDYsi4Rd8MAeaBA67+RZ10CM1m3bTAVFEDcd5AuA4a6W5YkGZ1iNXHzZz8T6TBKLeBuNriQ==

html5shiv@^3.7.3:
  version "3.7.3"
  resolved "https://registry.yarnpkg.com/html5shiv/-/html5shiv-3.7.3.tgz#d78a84a367bcb9a710100d57802c387b084631d2"
  integrity sha1-14qEo2e8uacQEA1XgCw4ewhGMdI=

inflight@^1.0.4:
  version "1.0.6"
  resolved "https://registry.yarnpkg.com/inflight/-/inflight-1.0.6.tgz#49bd6331d7d02d0c09bc910a1075ba8165b56df9"
  integrity sha1-Sb1jMdfQLQwJvJEKEHW6gWW1bfk=
  dependencies:
    once "^1.3.0"
    wrappy "1"

inherits@2, inherits@^2.0.1, inherits@~2.0.3:
  version "2.0.4"
  resolved "https://registry.yarnpkg.com/inherits/-/inherits-2.0.4.tgz#0fa2c64f932917c3433a0ded55363aae37416b7c"
  integrity sha512-k/vGaX4/Yla3WzyMCvTQOXYeIHvqOKtnqBduzTHpzpQZzAskKMhZ2K+EnBiSM9zGSoIFeMpXKxa4dYeZIQqewQ==

ip-regex@^2.1.0:
  version "2.1.0"
  resolved "https://registry.yarnpkg.com/ip-regex/-/ip-regex-2.1.0.tgz#fa78bf5d2e6913c911ce9f819ee5146bb6d844e9"
  integrity sha1-+ni/XS5pE8kRzp+BnuUUa7bYROk=

is-buffer@^1.1.5:
  version "1.1.6"
  resolved "https://registry.yarnpkg.com/is-buffer/-/is-buffer-1.1.6.tgz#efaa2ea9daa0d7ab2ea13a97b2b8ad51fefbe8be"
  integrity sha512-NcdALwpXkTm5Zvvbk7owOUSvVvBKDgKP5/ewfXEznmQFfs4ZRmanOeKBTjRVjka3QFoN6XJ+9F3USqfHqTaU5w==

is-url@^1.2.2:
  version "1.2.4"
  resolved "https://registry.yarnpkg.com/is-url/-/is-url-1.2.4.tgz#04a4df46d28c4cff3d73d01ff06abeb318a1aa52"
  integrity sha512-ITvGim8FhRiYe4IQ5uHSkj7pVaPDrCTkNd3yq3cV7iZAcJdHTUMPMEHcqSOy9xZ9qFenQCvi+2wjH9a1nXqHww==

is2@2.0.1:
  version "2.0.1"
  resolved "https://registry.yarnpkg.com/is2/-/is2-2.0.1.tgz#8ac355644840921ce435d94f05d3a94634d3481a"
  integrity sha512-+WaJvnaA7aJySz2q/8sLjMb2Mw14KTplHmSwcSpZ/fWJPkUmqw3YTzSWbPJ7OAwRvdYTWF2Wg+yYJ1AdP5Z8CA==
  dependencies:
    deep-is "^0.1.3"
    ip-regex "^2.1.0"
    is-url "^1.2.2"

isarray@~1.0.0:
  version "1.0.0"
  resolved "https://registry.yarnpkg.com/isarray/-/isarray-1.0.0.tgz#bb935d48582cba168c06834957a54a3e07124f11"
  integrity sha1-u5NdSFgsuhaMBoNJV6VKPgcSTxE=

js-polyfills@^0.1.40:
  version "0.1.43"
  resolved "https://registry.yarnpkg.com/js-polyfills/-/js-polyfills-0.1.43.tgz#6ec32030b05dc71a4257a950d1c4eaf301bb8035"
  integrity sha512-wWCJcw7uMA12uk7qcqZlIQy9nj+Evh1wVUmn5MOlJ7GPC8HT5PLjB9Uiqjw9ldAbbOuNOWJ6ENb7NwU6qqf48g==

json3@^3.3.2:
  version "3.3.3"
  resolved "https://registry.yarnpkg.com/json3/-/json3-3.3.3.tgz#7fc10e375fc5ae42c4705a5cc0aa6f62be305b81"
  integrity sha512-c7/8mbUsKigAbLkD5B010BK4D9LZm7A1pNItkEwiUZRpIN66exu/e7YQWysGun+TRKaJp8MhemM+VkfWv42aCA==

kind-of@^3.0.2:
  version "3.2.2"
  resolved "https://registry.yarnpkg.com/kind-of/-/kind-of-3.2.2.tgz#31ea21a734bab9bbb0f32466d893aea51e4a3c64"
  integrity sha1-MeohpzS6ubuw8yRm2JOupR5KPGQ=
  dependencies:
    is-buffer "^1.1.5"

lazy-cache@^1.0.3:
  version "1.0.4"
  resolved "https://registry.yarnpkg.com/lazy-cache/-/lazy-cache-1.0.4.tgz#a1d78fc3a50474cb80845d3b3b6e1da49a446e8e"
  integrity sha1-odePw6UEdMuAhF07O24dpJpEbo4=

longest@^1.0.1:
  version "1.0.1"
  resolved "https://registry.yarnpkg.com/longest/-/longest-1.0.1.tgz#30a0b2da38f73770e8294a0d22e6625ed77d0097"
  integrity sha1-MKCy2jj3N3DoKUoNIuZiXtd9AJc=

lru-cache@^6.0.0:
  version "6.0.0"
  resolved "https://registry.yarnpkg.com/lru-cache/-/lru-cache-6.0.0.tgz#6d6fe6570ebd96aaf90fcad1dafa3b2566db3a94"
  integrity sha512-Jo6dJ04CmSjuznwJSS3pUeWmd/H0ffTlkXXgwZi+eq1UCmqQwCh+eLsYOYCwY991i2Fah4h1BEMCx4qThGbsiA==
  dependencies:
    yallist "^4.0.0"

merge2@^1.0.3:
  version "1.4.1"
  resolved "https://registry.yarnpkg.com/merge2/-/merge2-1.4.1.tgz#4368892f885e907455a6fd7dc55c0c9d404990ae"
  integrity sha512-8q7VEgMJW4J8tcfVPy8g09NcQwZdbwFEqhe/WZkoIzjn/3TGDwtOCYtXGxA3O8tPzpczCCDgv+P2P5y00ZJOOg==

minimatch@^3.0.4:
  version "3.0.4"
  resolved "https://registry.yarnpkg.com/minimatch/-/minimatch-3.0.4.tgz#5166e286457f03306064be5497e8dbb0c3d32083"
  integrity sha512-yJHVQEhyqPLUTgt9B83PXu6W3rx4MvvHvSUvToogpwoGDOUQ+yDrR0HRot+yOCdCO7u4hX3pWft6kWBBcqh0UA==
  dependencies:
    brace-expansion "^1.1.7"

mkdirp@^1.0.4:
  version "1.0.4"
  resolved "https://registry.yarnpkg.com/mkdirp/-/mkdirp-1.0.4.tgz#3eb5ed62622756d79a5f0e2a221dfebad75c2f7e"
  integrity sha512-vVqVZQyf3WLx2Shd0qJ9xuvqgAyKPLAiqITEtqW0oIUjzo3PePDd6fW9iFz30ef7Ysp/oiWqbhszeGWW2T6Gzw==

mnemonist@^0.38.0:
  version "0.38.3"
  resolved "https://registry.yarnpkg.com/mnemonist/-/mnemonist-0.38.3.tgz#35ec79c1c1f4357cfda2fe264659c2775ccd7d9d"
  integrity sha512-2K9QYubXx/NAjv4VLq1d1Ly8pWNC5L3BrixtdkyTegXWJIqY+zLNDhhX/A+ZwWt70tB1S8H4BE8FLYEFyNoOBw==
  dependencies:
    obliterator "^1.6.1"

ms@^2.1.1:
  version "2.1.3"
  resolved "https://registry.yarnpkg.com/ms/-/ms-2.1.3.tgz#574c8138ce1d2b5861f0b44579dbadd60c6615b2"
  integrity sha512-6FlzubTLZG3J2a/NVCAleEhjzq5oxgHyaCU9yYXvcLsvoVaHJq/s5xXI6/XXP6tz7R9xAOtHnSO/tXtF3WRTlA==

mutationobserver-shim@^0.3.2:
  version "0.3.7"
  resolved "https://registry.yarnpkg.com/mutationobserver-shim/-/mutationobserver-shim-0.3.7.tgz#8bf633b0c0b0291a1107255ed32c13088a8c5bf3"
  integrity sha512-oRIDTyZQU96nAiz2AQyngwx1e89iApl2hN5AOYwyxLUB47UYsU3Wv9lJWqH5y/QdiYkc5HQLi23ZNB3fELdHcQ==

obliterator@^1.6.1:
  version "1.6.1"
  resolved "https://registry.yarnpkg.com/obliterator/-/obliterator-1.6.1.tgz#dea03e8ab821f6c4d96a299e17aef6a3af994ef3"
  integrity sha512-9WXswnqINnnhOG/5SLimUlzuU1hFJUc8zkwyD59Sd+dPOMf05PmnYG/d6Q7HZ+KmgkZJa1PxRso6QdM3sTNHig==

once@^1.3.0:
  version "1.4.0"
  resolved "https://registry.yarnpkg.com/once/-/once-1.4.0.tgz#583b1aa775961d4b113ac17d9c50baef9dd76bd1"
  integrity sha1-WDsap3WWHUsROsF9nFC6753Xa9E=
  dependencies:
    wrappy "1"

path-is-absolute@^1.0.0:
  version "1.0.1"
  resolved "https://registry.yarnpkg.com/path-is-absolute/-/path-is-absolute-1.0.1.tgz#174b9268735534ffbc7ace6bf53a5a9e1b5c5f5f"
  integrity sha1-F0uSaHNVNP+8es5r9TpanhtcX18=

picturefill@^3.0.1:
  version "3.0.3"
  resolved "https://registry.yarnpkg.com/picturefill/-/picturefill-3.0.3.tgz#a5c38eeb02d74def38e1790ff61e166166b4f224"
  integrity sha512-JDdx+3i4fs2pkqwWZJgGEM2vFWsq+01YsQFT9CKPGuv2Q0xSdrQZoxi9XwyNARTgxiOdgoAwWQRluLRe/JQX2g==

polyfill-library@^3.104.0:
  version "3.104.0"
  resolved "https://registry.yarnpkg.com/polyfill-library/-/polyfill-library-3.104.0.tgz#d1844f646ef676356cf8a8cd6efed84c6505404b"
  integrity sha512-sYbO07WkGKSub4HxUKK/8eYSxV/HS4xOUcexmV/zBl6Ma2JJypKWk1xgbcZi2Gs4CmPrZIpfGhdPK1aFXjJKtQ==
  dependencies:
    "@financial-times/polyfill-useragent-normaliser" "^1.7.0"
    "@formatjs/intl-datetimeformat" "3.2.9"
    "@formatjs/intl-displaynames" "4.0.7"
    "@formatjs/intl-getcanonicallocales" "1.5.3"
    "@formatjs/intl-listformat" "5.0.6"
    "@formatjs/intl-locale" "2.4.16"
    "@formatjs/intl-numberformat" "6.1.5"
    "@formatjs/intl-pluralrules" "4.0.7"
    "@formatjs/intl-relativetimeformat" "8.0.5"
    "@juggle/resize-observer" "^3.2.0"
    "@webcomponents/template" "^1.4.0"
    Base64 "^1.0.0"
    abort-controller "^3.0.0"
    audio-context-polyfill "^1.0.0"
    current-script-polyfill "^1.0.0"
    diff "4.0.2"
    event-source-polyfill "^1.0.12"
    fastestsmallesttextencoderdecoder "1.0.22"
    from2-string "^1.1.0"
    glob "^7.1.1"
    graceful-fs "^4.1.10"
    html5shiv "^3.7.3"
    js-polyfills "^0.1.40"
    json3 "^3.3.2"
    merge2 "^1.0.3"
    mkdirp "^1.0.4"
    mnemonist "^0.38.0"
    mutationobserver-shim "^0.3.2"
    picturefill "^3.0.1"
    rimraf "^3.0.0"
    seamless-scroll-polyfill "1.2.3"
    spdx-licenses "^1.0.0"
    stream-cache "^0.0.2"
    stream-from-promise "^1.0.0"
    stream-to-string "^1.1.0"
    toposort "^2.0.2"
    uglify-js "^2.7.5"
    unorm "^1.6.0"
    usertiming "^0.1.8"
    web-animations-js "^2.2.5"
    whatwg-fetch "^3.0.0"
    wicg-inert "^3.0.0"
    yaku "1.0.1"

process-nextick-args@~2.0.0:
  version "2.0.1"
  resolved "https://registry.yarnpkg.com/process-nextick-args/-/process-nextick-args-2.0.1.tgz#7820d9b16120cc55ca9ae7792680ae7dba6d7fe2"
  integrity sha512-3ouUOpQhtgrbOa17J7+uxOTpITYWaGP7/AhoR3+A+/1e9skrzelGi/dXzEYyvbxubEF6Wn2ypscTKiKJFFn1ag==

promise-polyfill@^1.1.6:
  version "1.1.6"
  resolved "https://registry.yarnpkg.com/promise-polyfill/-/promise-polyfill-1.1.6.tgz#cd04eff46f5c95c3a7d045591d79b5e3e01f12d7"
  integrity sha1-zQTv9G9clcOn0EVZHXm14+AfEtc=

readable-stream@^2.0.0:
  version "2.3.7"
  resolved "https://registry.yarnpkg.com/readable-stream/-/readable-stream-2.3.7.tgz#1eca1cf711aef814c04f62252a36a62f6cb23b57"
  integrity sha512-Ebho8K4jIbHAxnuxi7o42OrZgF/ZTNcsZj6nRKyUmkhLFq8CHItp/fy6hQZuZmP/n3yZ9VBUbp4zz/mX8hmYPw==
  dependencies:
    core-util-is "~1.0.0"
    inherits "~2.0.3"
    isarray "~1.0.0"
    process-nextick-args "~2.0.0"
    safe-buffer "~5.1.1"
    string_decoder "~1.1.1"
    util-deprecate "~1.0.1"

repeat-string@^1.5.2:
  version "1.6.1"
  resolved "https://registry.yarnpkg.com/repeat-string/-/repeat-string-1.6.1.tgz#8dcae470e1c88abc2d600fff4a776286da75e637"
  integrity sha1-jcrkcOHIirwtYA//Sndihtp15jc=

right-align@^0.1.1:
  version "0.1.3"
  resolved "https://registry.yarnpkg.com/right-align/-/right-align-0.1.3.tgz#61339b722fe6a3515689210d24e14c96148613ef"
  integrity sha1-YTObci/mo1FWiSENJOFMlhSGE+8=
  dependencies:
    align-text "^0.1.1"

rimraf@^3.0.0:
  version "3.0.2"
  resolved "https://registry.yarnpkg.com/rimraf/-/rimraf-3.0.2.tgz#f1a5402ba6220ad52cc1282bac1ae3aa49fd061a"
  integrity sha512-JZkJMZkAGFFPP2YqXZXPbMlMBgsxzE8ILs4lMIX/2o0L9UBw9O/Y3o6wFw/i9YLapcUJWwqbi3kdxIPdC62TIA==
  dependencies:
    glob "^7.1.3"

safe-buffer@~5.1.0, safe-buffer@~5.1.1:
  version "5.1.2"
  resolved "https://registry.yarnpkg.com/safe-buffer/-/safe-buffer-5.1.2.tgz#991ec69d296e0313747d59bdfd2b745c35f8828d"
  integrity sha512-Gd2UZBJDkXlY7GbJxfsE8/nvKkUEU1G38c1siN6QP6a9PT9MmHB8GnpscSmMJSoF8LOIrt8ud/wPtojys4G6+g==

seamless-scroll-polyfill@1.2.3:
  version "1.2.3"
  resolved "https://registry.yarnpkg.com/seamless-scroll-polyfill/-/seamless-scroll-polyfill-1.2.3.tgz#53d42d5b8c00db9c70dd4160c448469de36735b3"
  integrity sha512-emnwZtu6NrlBlvT6HrlbAOs024JX4orWew8H5owBOyUJ7eFXn8lGe4bsXTBD6AAWzP/p7LL86AjVIH8Apqec5w==

semver@^7.1.1:
  version "7.3.5"
  resolved "https://registry.yarnpkg.com/semver/-/semver-7.3.5.tgz#0b621c879348d8998e4b0e4be94b3f12e6018ef7"
  integrity sha512-PoeGJYh8HK4BTO/a9Tf6ZG3veo/A7ZVsYrSA6J8ny9nb3B1VrpkuN+z9OE5wfE5p6H4LchYZsegiQgbJD94ZFQ==
  dependencies:
    lru-cache "^6.0.0"

source-map@~0.5.1:
  version "0.5.7"
  resolved "https://registry.yarnpkg.com/source-map/-/source-map-0.5.7.tgz#8a039d2d1021d22d1ea14c80d8ea468ba2ef3fcc"
  integrity sha1-igOdLRAh0i0eoUyA2OpGi6LvP8w=

spdx-licenses@^1.0.0:
  version "1.0.0"
  resolved "https://registry.yarnpkg.com/spdx-licenses/-/spdx-licenses-1.0.0.tgz#e883cc8fab52cbfea9acc5cf6cb01244b08eff79"
  integrity sha512-BmeFZRYH9XXf56omx0LuiG+gBXRqwmrKsOtcsGTJh8tw9U0cgRKTrOnyDpP1uvI1AVEkoRKYaAvR902ByotFOw==
  dependencies:
    debug "4.1.1"
    is2 "2.0.1"

stream-cache@^0.0.2:
  version "0.0.2"
  resolved "https://registry.yarnpkg.com/stream-cache/-/stream-cache-0.0.2.tgz#1ac5ad6832428ca55667dbdee395dad4e6db118f"
  integrity sha1-GsWtaDJCjKVWZ9ve45Xa1ObbEY8=

stream-from-promise@^1.0.0:
  version "1.0.0"
  resolved "https://registry.yarnpkg.com/stream-from-promise/-/stream-from-promise-1.0.0.tgz#763687f7dd777e4c894f6408333fc6b3fc8a61bb"
  integrity sha1-djaH9913fkyJT2QIMz/Gs/yKYbs=

stream-to-string@^1.1.0:
  version "1.2.0"
  resolved "https://registry.yarnpkg.com/stream-to-string/-/stream-to-string-1.2.0.tgz#3ca506a097ecbf78b0e0aee0b6fa5c4565412a15"
  integrity sha512-8drZlFIKBHSMdX9GCWv8V9AAWnQcTqw0iAI6/GC7UJ0H0SwKeFKjOoZfGY1tOU00GGU7FYZQoJ/ZCUEoXhD7yQ==
  dependencies:
    promise-polyfill "^1.1.6"

string_decoder@~1.1.1:
  version "1.1.1"
  resolved "https://registry.yarnpkg.com/string_decoder/-/string_decoder-1.1.1.tgz#9cf1611ba62685d7030ae9e4ba34149c3af03fc8"
  integrity sha512-n/ShnvDi6FHbbVfviro+WojiFzv+s8MPMHBczVePfUpDJLwoLT0ht1l4YwBCbi8pJAveEEdnkHyPyTP/mzRfwg==
  dependencies:
    safe-buffer "~5.1.0"

toposort@^2.0.2:
  version "2.0.2"
  resolved "https://registry.yarnpkg.com/toposort/-/toposort-2.0.2.tgz#ae21768175d1559d48bef35420b2f4962f09c330"
  integrity sha1-riF2gXXRVZ1IvvNUILL0li8JwzA=

tslib@^2.0.1:
  version "2.2.0"
  resolved "https://registry.yarnpkg.com/tslib/-/tslib-2.2.0.tgz#fb2c475977e35e241311ede2693cee1ec6698f5c"
  integrity sha512-gS9GVHRU+RGn5KQM2rllAlR3dU6m7AcpJKdtH8gFvQiC4Otgk98XnmMU+nZenHt/+VhnBPWwgrJsyrdcw6i23w==

uglify-js@^2.7.5:
  version "2.8.29"
  resolved "https://registry.yarnpkg.com/uglify-js/-/uglify-js-2.8.29.tgz#29c5733148057bb4e1f75df35b7a9cb72e6a59dd"
  integrity sha1-KcVzMUgFe7Th913zW3qcty5qWd0=
  dependencies:
    source-map "~0.5.1"
    yargs "~3.10.0"
  optionalDependencies:
    uglify-to-browserify "~1.0.0"

uglify-to-browserify@~1.0.0:
  version "1.0.2"
  resolved "https://registry.yarnpkg.com/uglify-to-browserify/-/uglify-to-browserify-1.0.2.tgz#6e0924d6bda6b5afe349e39a6d632850a0f882b7"
  integrity sha1-bgkk1r2mta/jSeOabWMoUKD4grc=

unorm@^1.6.0:
  version "1.6.0"
  resolved "https://registry.yarnpkg.com/unorm/-/unorm-1.6.0.tgz#029b289661fba714f1a9af439eb51d9b16c205af"
  integrity sha512-b2/KCUlYZUeA7JFUuRJZPUtr4gZvBh7tavtv4fvk4+KV9pfGiR6CQAQAWl49ZpR3ts2dk4FYkP7EIgDJoiOLDA==

usertiming@^0.1.8:
  version "0.1.8"
  resolved "https://registry.yarnpkg.com/usertiming/-/usertiming-0.1.8.tgz#35378e7f41a248d40e658d05f80423469a7b0650"
  integrity sha1-NTeOf0GiSNQOZY0F+AQjRpp7BlA=

util-deprecate@~1.0.1:
  version "1.0.2"
  resolved "https://registry.yarnpkg.com/util-deprecate/-/util-deprecate-1.0.2.tgz#450d4dc9fa70de732762fbd2d4a28981419a0ccf"
  integrity sha1-RQ1Nyfpw3nMnYvvS1KKJgUGaDM8=

web-animations-js@^2.2.5:
  version "2.3.2"
  resolved "https://registry.yarnpkg.com/web-animations-js/-/web-animations-js-2.3.2.tgz#a51963a359c543f97b47c7d4bc2d811f9fc9e153"
  integrity sha512-TOMFWtQdxzjWp8qx4DAraTWTsdhxVSiWa6NkPFSaPtZ1diKUxTn4yTix73A1euG1WbSOMMPcY51cnjTIHrGtDA==

whatwg-fetch@^3.0.0:
  version "3.6.2"
  resolved "https://registry.yarnpkg.com/whatwg-fetch/-/whatwg-fetch-3.6.2.tgz#dced24f37f2624ed0281725d51d0e2e3fe677f8c"
  integrity sha512-bJlen0FcuU/0EMLrdbJ7zOnW6ITZLrZMIarMUVmdKtsGvZna8vxKYaexICWPfZ8qwf9fzNq+UEIZrnSaApt6RA==

wicg-inert@^3.0.0:
  version "3.1.1"
  resolved "https://registry.yarnpkg.com/wicg-inert/-/wicg-inert-3.1.1.tgz#b033fd4fbfb9e3fd709e5d84becbdf2e06e5c229"
  integrity sha512-PhBaNh8ur9Xm4Ggy4umelwNIP6pPP1bv3EaWaKqfb/QNme2rdLjm7wIInvV4WhxVHhzA4Spgw9qNSqWtB/ca2A==

window-size@0.1.0:
  version "0.1.0"
  resolved "https://registry.yarnpkg.com/window-size/-/window-size-0.1.0.tgz#5438cd2ea93b202efa3a19fe8887aee7c94f9c9d"
  integrity sha1-VDjNLqk7IC76Ohn+iIeu58lPnJ0=

wordwrap@0.0.2:
  version "0.0.2"
  resolved "https://registry.yarnpkg.com/wordwrap/-/wordwrap-0.0.2.tgz#b79669bb42ecb409f83d583cad52ca17eaa1643f"
  integrity sha1-t5Zpu0LstAn4PVg8rVLKF+qhZD8=

wrappy@1:
  version "1.0.2"
  resolved "https://registry.yarnpkg.com/wrappy/-/wrappy-1.0.2.tgz#b5243d8f3ec1aa35f1364605bc0d1036e30ab69f"
  integrity sha1-tSQ9jz7BqjXxNkYFvA0QNuMKtp8=

yaku@1.0.1:
  version "1.0.1"
  resolved "https://registry.yarnpkg.com/yaku/-/yaku-1.0.1.tgz#8d9c821909fdfe2157e79b49c70b677a4175ec70"
  integrity sha512-uZCrhA5DEytGnFfw9XZKIoWRG43v6oCA20vInFS4anPJb3G5Hy+PKuaKSMTJ+aChvFdNDxY5K8jFx5wmlLbTjQ==

yallist@^4.0.0:
  version "4.0.0"
  resolved "https://registry.yarnpkg.com/yallist/-/yallist-4.0.0.tgz#9bb92790d9c0effec63be73519e11a35019a3a72"
  integrity sha512-3wdGidZyq5PB084XLES5TpOSRA3wjXAlIWMhum2kRcv/41Sn2emQ0dycQW4uZXLejwKvg6EsvbdlVL+FYEct7A==

yargs@~3.10.0:
  version "3.10.0"
  resolved "https://registry.yarnpkg.com/yargs/-/yargs-3.10.0.tgz#f7ee7bd857dd7c1d2d38c0e74efbd681d1431fd1"
  integrity sha1-9+572FfdfB0tOMDnTvvWgdFDH9E=
  dependencies:
    camelcase "^1.0.2"
    cliui "^2.1.0"
    decamelize "^1.0.0"
    window-size "0.1.0"
